<?xml version="1.0" encoding="utf-8"?>
<Project ToolsVersion="4.0" xmlns="http://schemas.microsoft.com/developer/msbuild/2003">
  <ItemGroup>
    <Filter Include="Source Files">
      <UniqueIdentifier>{4FC737F1-C7A5-4376-A066-2A32D752A2FF}</UniqueIdentifier>
      <Extensions>cpp;c;cc;cxx;def;odl;idl;hpj;bat;asm;asmx</Extensions>
    </Filter>
    <Filter Include="Header Files">
      <UniqueIdentifier>{93995380-89BD-4b04-88EB-625FBE52EBFB}</UniqueIdentifier>
      <Extensions>h;hh;hpp;hxx;hm;inl;inc;xsd</Extensions>
    </Filter>
    <Filter Include="Resource Files">
      <UniqueIdentifier>{67DA6AB6-F800-4c08-8B7A-83BB121AAD01}</UniqueIdentifier>
      <Extensions>rc;ico;cur;bmp;dlg;rc2;rct;bin;rgs;gif;jpg;jpeg;jpe;resx;tiff;tif;png;wav</Extensions>
    </Filter>
    <Filter Include="Header Files\cg_libraries">
      <UniqueIdentifier>{a722f039-f70f-47e0-9e88-1897212ad58a}</UniqueIdentifier>
    </Filter>
    <Filter Include="Header Files\user_libraries">
      <UniqueIdentifier>{76df329c-8417-42f1-b818-2f58ba089020}</UniqueIdentifier>
    </Filter>
    <Filter Include="Header Files\user_libraries\objects">
      <UniqueIdentifier>{bcf6998d-ddc6-4f6b-94cc-dd68b1bf85b2}</UniqueIdentifier>
    </Filter>
    <Filter Include="Shader Files">
      <UniqueIdentifier>{16f626f7-9bf0-4920-8255-0f2b80fae1d9}</UniqueIdentifier>
    </Filter>
    <Filter Include="Header Files\user_libraries\objects\sphere_shape">
      <UniqueIdentifier>{b49f7369-1448-44b9-a1d9-26af614e019f}</UniqueIdentifier>
    </Filter>
    <Filter Include="Header Files\user_libraries\managers">
      <UniqueIdentifier>{e95ad768-394a-48af-9700-dfd96419678f}</UniqueIdentifier>
    </Filter>
    <Filter Include="Header Files\user_libraries\global">
      <UniqueIdentifier>{47438c95-0974-457f-887b-0325fedf40f8}</UniqueIdentifier>
    </Filter>
    <Filter Include="Shader Files\text">
      <UniqueIdentifier>{8b47f53f-17bd-45c9-bbfe-6b0d7e255b43}</UniqueIdentifier>
    </Filter>
    <Filter Include="Shader Files\default">
      <UniqueIdentifier>{b8ef432e-180e-41bb-bf86-7ea7f10532f8}</UniqueIdentifier>
    </Filter>
    <Filter Include="Resource Files\fonts">
      <UniqueIdentifier>{755a6eb1-b016-4bdd-8b56-93d327e0d1a2}</UniqueIdentifier>
    </Filter>
    <Filter Include="Communication">
      <UniqueIdentifier>{331fdd4d-2ff6-4f99-a96a-6f30844e477d}</UniqueIdentifier>
    </Filter>
    <Filter Include="Shader Files\glow">
      <UniqueIdentifier>{93c3de9d-9285-48f6-aaf7-cfa47d5a8203}</UniqueIdentifier>
    </Filter>
    <Filter Include="Source Files\declaration">
      <UniqueIdentifier>{1feb05fb-b6a4-4da5-9d88-00de90c2928f}</UniqueIdentifier>
    </Filter>
  </ItemGroup>
  <ItemGroup>
    <ClInclude Include="cgmath.h">
      <Filter>Header Files\cg_libraries</Filter>
    </ClInclude>
    <ClInclude Include="cgut.h">
      <Filter>Header Files\cg_libraries</Filter>
    </ClInclude>
    <ClInclude Include="camera.hpp">
      <Filter>Header Files\user_libraries\objects</Filter>
    </ClInclude>
    <ClInclude Include="gl\glad\glad.h">
      <Filter>Header Files\cg_libraries</Filter>
    </ClInclude>
    <ClInclude Include="objvert.hpp">
      <Filter>Header Files\user_libraries\objects</Filter>
    </ClInclude>
    <ClInclude Include="game_moderator.hpp">
      <Filter>Header Files\user_libraries\managers</Filter>
    </ClInclude>
    <ClInclude Include="util.hpp">
      <Filter>Header Files\user_libraries\global</Filter>
    </ClInclude>
    <ClInclude Include="glutil.hpp">
      <Filter>Header Files\user_libraries\global</Filter>
    </ClInclude>
    <ClInclude Include="game_object_manager.hpp">
      <Filter>Header Files\user_libraries\managers</Filter>
    </ClInclude>
    <ClInclude Include="stb_truetype.h">
      <Filter>Header Files\cg_libraries</Filter>
    </ClInclude>
    <ClInclude Include="text_manager.hpp">
      <Filter>Header Files\user_libraries\managers</Filter>
    </ClInclude>
    <ClInclude Include="celestial.hpp">
      <Filter>Header Files\user_libraries\objects\sphere_shape</Filter>
    </ClInclude>
    <ClInclude Include="celestial_objects.hpp">
      <Filter>Header Files\user_libraries\objects\sphere_shape</Filter>
    </ClInclude>
    <ClInclude Include="control.hpp">
      <Filter>Header Files\user_libraries\managers</Filter>
    </ClInclude>
    <ClInclude Include="command.hpp">
      <Filter>Header Files\user_libraries\managers</Filter>
    </ClInclude>
    <ClInclude Include="worm.hpp">
      <Filter>Header Files\user_libraries\objects\sphere_shape</Filter>
    </ClInclude>
    <ClInclude Include="world_border.hpp">
      <Filter>Header Files\user_libraries\objects\sphere_shape</Filter>
    </ClInclude>
    <ClInclude Include="log_manager.hpp">
      <Filter>Header Files\user_libraries\managers</Filter>
    </ClInclude>
    <ClInclude Include="prey.hpp">
      <Filter>Header Files\user_libraries\objects\sphere_shape</Filter>
    </ClInclude>
    <ClInclude Include="player.hpp">
      <Filter>Header Files\user_libraries\objects</Filter>
    </ClInclude>
  </ItemGroup>
  <ItemGroup>
    <ClCompile Include="main.cpp">
      <Filter>Source Files</Filter>
    </ClCompile>
    <ClCompile Include="player.cpp">
      <Filter>Source Files\declaration</Filter>
    </ClCompile>
    <ClCompile Include="log_manager.cpp">
      <Filter>Source Files\declaration</Filter>
    </ClCompile>
    <ClCompile Include="worm.cpp">
      <Filter>Source Files\declaration</Filter>
    </ClCompile>
    <ClCompile Include="camera.cpp">
      <Filter>Source Files\declaration</Filter>
    </ClCompile>
    <ClCompile Include="control.cpp">
      <Filter>Source Files\declaration</Filter>
    </ClCompile>
    <ClCompile Include="util.cpp">
      <Filter>Source Files\declaration</Filter>
    </ClCompile>
    <ClCompile Include="glutil.cpp">
      <Filter>Source Files\declaration</Filter>
    </ClCompile>
    <ClCompile Include="text_manager.cpp">
      <Filter>Source Files\declaration</Filter>
    </ClCompile>
    <ClCompile Include="gl\glad\glad.cpp">
      <Filter>Source Files</Filter>
    </ClCompile>
    <ClCompile Include="objvert.cpp">
      <Filter>Source Files\declaration</Filter>
    </ClCompile>
    <ClCompile Include="prey.cpp">
      <Filter>Source Files\declaration</Filter>
    </ClCompile>
    <ClCompile Include="game_object_manager.cpp">
      <Filter>Source Files\declaration</Filter>
    </ClCompile>
  </ItemGroup>
  <ItemGroup>
    <None Include="..\bin\shaders\text\text.frag">
      <Filter>Shader Files\text</Filter>
    </None>
    <None Include="..\bin\shaders\text\text.vert">
      <Filter>Shader Files\text</Filter>
    </None>
    <None Include="..\bin\shaders\default\default.frag">
      <Filter>Shader Files\default</Filter>
    </None>
    <None Include="..\bin\shaders\default\default.vert">
      <Filter>Shader Files\default</Filter>
    </None>
    <None Include="..\bin\shaders\glow\glow.frag">
      <Filter>Shader Files\glow</Filter>
    </None>
    <None Include="..\bin\shaders\glow\glow.vert">
      <Filter>Shader Files\glow</Filter>
    </None>
  </ItemGroup>
  <ItemGroup>
    <Font Include="resources\fonts\consola.ttf">
      <Filter>Resource Files\fonts</Filter>
    </Font>
  </ItemGroup>
  <ItemGroup>
    <Text Include="history.txt">
      <Filter>Communication</Filter>
    </Text>
  </ItemGroup>
</Project>